
Microsoft Visual Studio Solution File, Format Version 12.00
# Visual Studio 15
Project("{FAE04EC0-301F-11D3-BF4B-00C04F79EFBC}") = "FSCDemoClient", "FSCDemoClient\FSCDemoClient.csproj", "{B2AF1E9F-6156-4769-A273-42E52B4696CD}"
EndProject
Project("{FAE04EC0-301F-11D3-BF4B-00C04F79EFBC}") = "FuelingSiteConnect", "FuelingSiteConnect\FuelingSiteConnect.csproj", "{6A4F31D1-DB6E-4E1A-AEC2-759A9925BD97}"
EndProject
Global
	GlobalSection(SolutionConfigurationPlatforms) = preSolution
		Debug|Any CPU = Debug|Any CPU
		Release|Any CPU = Release|Any CPU
	EndGlobalSection
	GlobalSection(ProjectConfigurationPlatforms) = postSolution
		{B2AF1E9F-6156-4769-A273-42E52B4696CD}.Debug|Any CPU.ActiveCfg = Debug|Any CPU
		{B2AF1E9F-6156-4769-A273-42E52B4696CD}.Debug|Any CPU.Build.0 = Debug|Any CPU
		{B2AF1E9F-6156-4769-A273-42E52B4696CD}.Release|Any CPU.ActiveCfg = Release|Any CPU
		{B2AF1E9F-6156-4769-A273-42E52B4696CD}.Release|Any CPU.Build.0 = Release|Any CPU
		{6A4F31D1-DB6E-4E1A-AEC2-759A9925BD97}.Debug|Any CPU.ActiveCfg = Debug|Any CPU
		{6A4F31D1-DB6E-4E1A-AEC2-759A9925BD97}.Debug|Any CPU.Build.0 = Debug|Any CPU
		{6A4F31D1-DB6E-4E1A-AEC2-759A9925BD97}.Release|Any CPU.ActiveCfg = Release|Any CPU
		{6A4F31D1-DB6E-4E1A-AEC2-759A9925BD97}.Release|Any CPU.Build.0 = Release|Any CPU
	EndGlobalSection
EndGlobal
