
Microsoft Visual Studio Solution File, Format Version 12.00
# Visual Studio 15
Project("{FAE04EC0-301F-11D3-BF4B-00C04F79EFBC}") = "fsc-client-dotnet", "fsc-client-dotnet.csproj", "{8CB0E152-C322-4905-BED1-572AB58DF275}"
EndProject
Project("{FAE04EC0-301F-11D3-BF4B-00C04F79EFBC}") = "ExampleClient", "ExampleClient\ExampleClient.csproj", "{97A3D232-C9D7-42A3-A2A9-5C0DF892D591}"
EndProject
Global
	GlobalSection(SolutionConfigurationPlatforms) = preSolution
		Debug|Any CPU = Debug|Any CPU
		Release|Any CPU = Release|Any CPU
	EndGlobalSection
	GlobalSection(ProjectConfigurationPlatforms) = postSolution
		{8CB0E152-C322-4905-BED1-572AB58DF275}.Debug|Any CPU.ActiveCfg = Debug|Any CPU
		{8CB0E152-C322-4905-BED1-572AB58DF275}.Debug|Any CPU.Build.0 = Debug|Any CPU
		{8CB0E152-C322-4905-BED1-572AB58DF275}.Release|Any CPU.ActiveCfg = Release|Any CPU
		{8CB0E152-C322-4905-BED1-572AB58DF275}.Release|Any CPU.Build.0 = Release|Any CPU
		{97A3D232-C9D7-42A3-A2A9-5C0DF892D591}.Debug|Any CPU.ActiveCfg = Debug|Any CPU
		{97A3D232-C9D7-42A3-A2A9-5C0DF892D591}.Debug|Any CPU.Build.0 = Debug|Any CPU
		{97A3D232-C9D7-42A3-A2A9-5C0DF892D591}.Release|Any CPU.ActiveCfg = Release|Any CPU
		{97A3D232-C9D7-42A3-A2A9-5C0DF892D591}.Release|Any CPU.Build.0 = Release|Any CPU
	EndGlobalSection
EndGlobal
